
Microsoft Visual Studio Solution File, Format Version 12.00
# Visual Studio 15
Project("{FAE04EC0-301F-11D3-BF4B-00C04F79EFBC}") = "UnityEngine.TestRunner", "UnityEngine.TestRunner.csproj", "{03A18AD7-A82D-2034-9473-DF65FAFAA965}"
EndProject
Project("{FAE04EC0-301F-11D3-BF4B-00C04F79EFBC}") = "Unity.Mathematics", "Unity.Mathematics.csproj", "{49582836-0458-AD21-4FF2-1FCF5DFA9205}"
EndProject
Project("{FAE04EC0-301F-11D3-BF4B-00C04F79EFBC}") = "Unity.2D.Animation.Triangle.Runtime", "Unity.2D.Animation.Triangle.Runtime.csproj", "{2C83EE15-1584-E826-5086-DBF19CF234B5}"
EndProject
Project("{FAE04EC0-301F-11D3-BF4B-00C04F79EFBC}") = "Unity.Timeline", "Unity.Timeline.csproj", "{0DBC957C-B2B2-1F77-7DED-28D3755669C9}"
EndProject
Project("{FAE04EC0-301F-11D3-BF4B-00C04F79EFBC}") = "UnityEngine.UI", "UnityEngine.UI.csproj", "{B86015A4-6DDD-3640-F7E9-2D4C211C24C0}"
EndProject
Project("{FAE04EC0-301F-11D3-BF4B-00C04F79EFBC}") = "Unity.TextMeshPro", "Unity.TextMeshPro.csproj", "{42F8181C-809D-DC21-A59D-3D2922D646CE}"
EndProject
Project("{FAE04EC0-301F-11D3-BF4B-00C04F79EFBC}") = "Unity.2D.Animation.Runtime", "Unity.2D.Animation.Runtime.csproj", "{355AB6D5-616E-DCA1-56F1-2FA00EF928F7}"
EndProject
Project("{FAE04EC0-301F-11D3-BF4B-00C04F79EFBC}") = "Unity.2D.IK.Runtime", "Unity.2D.IK.Runtime.csproj", "{80B1FC30-C63D-EE78-CF22-08EC24B56878}"
EndProject
Project("{FAE04EC0-301F-11D3-BF4B-00C04F79EFBC}") = "Assembly-CSharp", "Assembly-CSharp.csproj", "{76BFC2A1-461B-5F61-A95A-8DBA90234D5B}"
EndProject
Project("{FAE04EC0-301F-11D3-BF4B-00C04F79EFBC}") = "Unity.2D.SpriteShape.Runtime", "Unity.2D.SpriteShape.Runtime.csproj", "{A50F1F08-F899-6CE1-36DE-70557455A9AE}"
EndProject
Project("{FAE04EC0-301F-11D3-BF4B-00C04F79EFBC}") = "Level", "Level.csproj", "{C0E6670C-1C05-77D5-81D5-567647429EC8}"
EndProject
Project("{FAE04EC0-301F-11D3-BF4B-00C04F79EFBC}") = "Unity.2D.PixelPerfect", "Unity.2D.PixelPerfect.csproj", "{95089233-BCC6-43F8-3775-09293ADB9C73}"
EndProject
Project("{FAE04EC0-301F-11D3-BF4B-00C04F79EFBC}") = "Assembly-CSharp-firstpass", "Assembly-CSharp-firstpass.csproj", "{C30069F4-8CD3-963C-73DA-D099E76489A6}"
EndProject
Project("{FAE04EC0-301F-11D3-BF4B-00C04F79EFBC}") = "Unity.2D.Common.Runtime", "Unity.2D.Common.Runtime.csproj", "{DE6A167B-FAD6-E0C9-BFDE-D936BBCCF838}"
EndProject
Project("{FAE04EC0-301F-11D3-BF4B-00C04F79EFBC}") = "Unity.InternalAPIEngineBridge.001", "Unity.InternalAPIEngineBridge.001.csproj", "{1EC5FFCF-234E-0118-3800-01E4314F60E3}"
EndProject
Project("{FAE04EC0-301F-11D3-BF4B-00C04F79EFBC}") = "UnityEditor.TestRunner", "UnityEditor.TestRunner.csproj", "{377043FF-728E-0283-E7F3-A671566AFA15}"
EndProject
Project("{FAE04EC0-301F-11D3-BF4B-00C04F79EFBC}") = "UnityEditor.UI", "UnityEditor.UI.csproj", "{9B7A02B4-71B8-E177-B43F-585D3B8E702A}"
EndProject
Project("{FAE04EC0-301F-11D3-BF4B-00C04F79EFBC}") = "Unity.Timeline.Editor", "Unity.Timeline.Editor.csproj", "{EA84061B-5388-B5C0-8E2A-F24C54BBC10F}"
EndProject
Project("{FAE04EC0-301F-11D3-BF4B-00C04F79EFBC}") = "Unity.VisualStudio.Editor", "Unity.VisualStudio.Editor.csproj", "{5E722ED0-CE85-8A99-156B-29C92B9D02A0}"
EndProject
Project("{FAE04EC0-301F-11D3-BF4B-00C04F79EFBC}") = "Unity.2D.Psdimporter.Editor", "Unity.2D.Psdimporter.Editor.csproj", "{EC6D5C0D-EFBF-6D2B-E1D7-81B070D6E29D}"
EndProject
Project("{FAE04EC0-301F-11D3-BF4B-00C04F79EFBC}") = "Unity.2D.Animation.Editor", "Unity.2D.Animation.Editor.csproj", "{FD1D9A87-D29A-06E6-FDBC-510B1215BB4F}"
EndProject
Project("{FAE04EC0-301F-11D3-BF4B-00C04F79EFBC}") = "Unity.TextMeshPro.Editor", "Unity.TextMeshPro.Editor.csproj", "{F03BFBD1-F912-8BC8-2593-CF0B0C9B71EC}"
EndProject
Project("{FAE04EC0-301F-11D3-BF4B-00C04F79EFBC}") = "Unity.2D.SpriteShape.Editor", "Unity.2D.SpriteShape.Editor.csproj", "{F88D534C-7336-1CE0-75B5-C69008621B78}"
EndProject
Project("{FAE04EC0-301F-11D3-BF4B-00C04F79EFBC}") = "Unity.CollabProxy.Editor", "Unity.CollabProxy.Editor.csproj", "{DEA8C55C-B4CE-6FF7-41C6-4AE6B38C80F4}"
EndProject
Project("{FAE04EC0-301F-11D3-BF4B-00C04F79EFBC}") = "PsdPlugin", "PsdPlugin.csproj", "{29C7A065-35C8-5807-37FF-3611A57C23CB}"
EndProject
Project("{FAE04EC0-301F-11D3-BF4B-00C04F79EFBC}") = "Unity.2D.Path.Editor", "Unity.2D.Path.Editor.csproj", "{75C8EC26-40CF-A7E4-54DF-21BE09BCC73D}"
EndProject
Project("{FAE04EC0-301F-11D3-BF4B-00C04F79EFBC}") = "Unity.Rider.Editor", "Unity.Rider.Editor.csproj", "{AA299908-D39D-76AC-974B-D5F7911919A1}"
EndProject
Project("{FAE04EC0-301F-11D3-BF4B-00C04F79EFBC}") = "Unity.2D.IK.Editor", "Unity.2D.IK.Editor.csproj", "{F3C53B84-09A2-98C3-6383-C306AB4DCA83}"
EndProject
Project("{FAE04EC0-301F-11D3-BF4B-00C04F79EFBC}") = "Unity.2D.Sprite.Editor", "Unity.2D.Sprite.Editor.csproj", "{27B5B629-9E13-8301-7D59-879F8B4CB9DD}"
EndProject
Project("{FAE04EC0-301F-11D3-BF4B-00C04F79EFBC}") = "Unity.2D.Tilemap.Editor", "Unity.2D.Tilemap.Editor.csproj", "{A78A310C-9760-403B-D192-B65E23778F7A}"
EndProject
Project("{FAE04EC0-301F-11D3-BF4B-00C04F79EFBC}") = "Unity.2D.PixelPerfect.Editor", "Unity.2D.PixelPerfect.Editor.csproj", "{13CF9F9A-A6BE-E130-828F-CB9EE0F5664A}"
EndProject
Project("{FAE04EC0-301F-11D3-BF4B-00C04F79EFBC}") = "Unity.VSCode.Editor", "Unity.VSCode.Editor.csproj", "{A326B328-389C-6453-A5D0-9B1044936755}"
EndProject
Project("{FAE04EC0-301F-11D3-BF4B-00C04F79EFBC}") = "Unity.2D.Common.Editor", "Unity.2D.Common.Editor.csproj", "{81C89DA9-6F70-D072-233D-990CF88A22BA}"
EndProject
Project("{FAE04EC0-301F-11D3-BF4B-00C04F79EFBC}") = "Unity.Mathematics.Editor", "Unity.Mathematics.Editor.csproj", "{39576910-EE13-7C4D-E224-42AA92D6A025}"
EndProject
Project("{FAE04EC0-301F-11D3-BF4B-00C04F79EFBC}") = "Unity.InternalAPIEditorBridge.001", "Unity.InternalAPIEditorBridge.001.csproj", "{7A369B3D-F420-4488-3855-5DBC4615C54A}"
EndProject
Project("{FAE04EC0-301F-11D3-BF4B-00C04F79EFBC}") = "UnityEngine.TestRunner", "UnityEngine.TestRunner.Player.csproj", "{FAD36933-3337-71B4-5FF4-1C8E42840BFE}"
EndProject
Project("{FAE04EC0-301F-11D3-BF4B-00C04F79EFBC}") = "Unity.Mathematics", "Unity.Mathematics.Player.csproj", "{A0C83D23-5CB4-0867-7678-4025B57BE148}"
EndProject
Project("{FAE04EC0-301F-11D3-BF4B-00C04F79EFBC}") = "Unity.2D.Animation.Triangle.Runtime", "Unity.2D.Animation.Triangle.Runtime.Player.csproj", "{36A7E7C4-64CB-A570-558B-BE468F08E0F8}"
EndProject
Project("{FAE04EC0-301F-11D3-BF4B-00C04F79EFBC}") = "Unity.Timeline", "Unity.Timeline.Player.csproj", "{5E421B8D-A049-F23B-DAD2-D6ADBAB12EC7}"
EndProject
Project("{FAE04EC0-301F-11D3-BF4B-00C04F79EFBC}") = "UnityEngine.UI", "UnityEngine.UI.Player.csproj", "{A6565B59-E2AF-B688-88E6-FF48045F6C3A}"
EndProject
Project("{FAE04EC0-301F-11D3-BF4B-00C04F79EFBC}") = "Unity.TextMeshPro", "Unity.TextMeshPro.Player.csproj", "{A46B1DD0-82FE-348E-53EE-F4B54E915CB4}"
EndProject
Project("{FAE04EC0-301F-11D3-BF4B-00C04F79EFBC}") = "Unity.2D.Animation.Runtime", "Unity.2D.Animation.Runtime.Player.csproj", "{9588A46D-013A-02AB-0281-5C606FC89006}"
EndProject
Project("{FAE04EC0-301F-11D3-BF4B-00C04F79EFBC}") = "Unity.2D.IK.Runtime", "Unity.2D.IK.Runtime.Player.csproj", "{01A55BA2-1CAC-30A5-25F2-E7580F102989}"
EndProject
Project("{FAE04EC0-301F-11D3-BF4B-00C04F79EFBC}") = "Assembly-CSharp", "Assembly-CSharp.Player.csproj", "{CB7380C2-E9B8-EC17-60FB-A01783928668}"
EndProject
Project("{FAE04EC0-301F-11D3-BF4B-00C04F79EFBC}") = "Unity.2D.SpriteShape.Runtime", "Unity.2D.SpriteShape.Runtime.Player.csproj", "{03735D9F-FB3E-C259-FAF6-AFF5BF349BC6}"
EndProject
Project("{FAE04EC0-301F-11D3-BF4B-00C04F79EFBC}") = "Level", "Level.Player.csproj", "{E0F3FD7D-BEA1-0595-FECD-8D1A26B93B45}"
EndProject
Project("{FAE04EC0-301F-11D3-BF4B-00C04F79EFBC}") = "Unity.2D.PixelPerfect", "Unity.2D.PixelPerfect.Player.csproj", "{14547DB3-2427-772A-F27A-CEFAA5C7C31F}"
EndProject
Project("{FAE04EC0-301F-11D3-BF4B-00C04F79EFBC}") = "Assembly-CSharp-firstpass", "Assembly-CSharp-firstpass.Player.csproj", "{7899A834-9843-B7AA-8ED0-9E653F3C54A4}"
EndProject
Project("{FAE04EC0-301F-11D3-BF4B-00C04F79EFBC}") = "Unity.2D.Common.Runtime", "Unity.2D.Common.Runtime.Player.csproj", "{EF672ACF-2C62-E430-B475-99F089EA90AA}"
EndProject
Project("{FAE04EC0-301F-11D3-BF4B-00C04F79EFBC}") = "Unity.InternalAPIEngineBridge.001", "Unity.InternalAPIEngineBridge.001.Player.csproj", "{B4886763-5539-8C81-A31D-3A7B7BB669AD}"
EndProject
Global
	GlobalSection(SolutionConfigurationPlatforms) = preSolution
		Debug|Any CPU = Debug|Any CPU
		Release|Any CPU = Release|Any CPU
	EndGlobalSection
	GlobalSection(ProjectConfigurationPlatforms) = postSolution
		{03A18AD7-A82D-2034-9473-DF65FAFAA965}.Debug|Any CPU.ActiveCfg = Debug|Any CPU
		{03A18AD7-A82D-2034-9473-DF65FAFAA965}.Debug|Any CPU.Build.0 = Debug|Any CPU
		{03A18AD7-A82D-2034-9473-DF65FAFAA965}.Release|Any CPU.ActiveCfg = Release|Any CPU
		{03A18AD7-A82D-2034-9473-DF65FAFAA965}.Release|Any CPU.Build.0 = Release|Any CPU
		{49582836-0458-AD21-4FF2-1FCF5DFA9205}.Debug|Any CPU.ActiveCfg = Debug|Any CPU
		{49582836-0458-AD21-4FF2-1FCF5DFA9205}.Debug|Any CPU.Build.0 = Debug|Any CPU
		{49582836-0458-AD21-4FF2-1FCF5DFA9205}.Release|Any CPU.ActiveCfg = Release|Any CPU
		{49582836-0458-AD21-4FF2-1FCF5DFA9205}.Release|Any CPU.Build.0 = Release|Any CPU
		{2C83EE15-1584-E826-5086-DBF19CF234B5}.Debug|Any CPU.ActiveCfg = Debug|Any CPU
		{2C83EE15-1584-E826-5086-DBF19CF234B5}.Debug|Any CPU.Build.0 = Debug|Any CPU
		{2C83EE15-1584-E826-5086-DBF19CF234B5}.Release|Any CPU.ActiveCfg = Release|Any CPU
		{2C83EE15-1584-E826-5086-DBF19CF234B5}.Release|Any CPU.Build.0 = Release|Any CPU
		{0DBC957C-B2B2-1F77-7DED-28D3755669C9}.Debug|Any CPU.ActiveCfg = Debug|Any CPU
		{0DBC957C-B2B2-1F77-7DED-28D3755669C9}.Debug|Any CPU.Build.0 = Debug|Any CPU
		{0DBC957C-B2B2-1F77-7DED-28D3755669C9}.Release|Any CPU.ActiveCfg = Release|Any CPU
		{0DBC957C-B2B2-1F77-7DED-28D3755669C9}.Release|Any CPU.Build.0 = Release|Any CPU
		{B86015A4-6DDD-3640-F7E9-2D4C211C24C0}.Debug|Any CPU.ActiveCfg = Debug|Any CPU
		{B86015A4-6DDD-3640-F7E9-2D4C211C24C0}.Debug|Any CPU.Build.0 = Debug|Any CPU
		{B86015A4-6DDD-3640-F7E9-2D4C211C24C0}.Release|Any CPU.ActiveCfg = Release|Any CPU
		{B86015A4-6DDD-3640-F7E9-2D4C211C24C0}.Release|Any CPU.Build.0 = Release|Any CPU
		{42F8181C-809D-DC21-A59D-3D2922D646CE}.Debug|Any CPU.ActiveCfg = Debug|Any CPU
		{42F8181C-809D-DC21-A59D-3D2922D646CE}.Debug|Any CPU.Build.0 = Debug|Any CPU
		{42F8181C-809D-DC21-A59D-3D2922D646CE}.Release|Any CPU.ActiveCfg = Release|Any CPU
		{42F8181C-809D-DC21-A59D-3D2922D646CE}.Release|Any CPU.Build.0 = Release|Any CPU
		{355AB6D5-616E-DCA1-56F1-2FA00EF928F7}.Debug|Any CPU.ActiveCfg = Debug|Any CPU
		{355AB6D5-616E-DCA1-56F1-2FA00EF928F7}.Debug|Any CPU.Build.0 = Debug|Any CPU
		{355AB6D5-616E-DCA1-56F1-2FA00EF928F7}.Release|Any CPU.ActiveCfg = Release|Any CPU
		{355AB6D5-616E-DCA1-56F1-2FA00EF928F7}.Release|Any CPU.Build.0 = Release|Any CPU
		{80B1FC30-C63D-EE78-CF22-08EC24B56878}.Debug|Any CPU.ActiveCfg = Debug|Any CPU
		{80B1FC30-C63D-EE78-CF22-08EC24B56878}.Debug|Any CPU.Build.0 = Debug|Any CPU
		{80B1FC30-C63D-EE78-CF22-08EC24B56878}.Release|Any CPU.ActiveCfg = Release|Any CPU
		{80B1FC30-C63D-EE78-CF22-08EC24B56878}.Release|Any CPU.Build.0 = Release|Any CPU
		{76BFC2A1-461B-5F61-A95A-8DBA90234D5B}.Debug|Any CPU.ActiveCfg = Debug|Any CPU
		{76BFC2A1-461B-5F61-A95A-8DBA90234D5B}.Debug|Any CPU.Build.0 = Debug|Any CPU
		{76BFC2A1-461B-5F61-A95A-8DBA90234D5B}.Release|Any CPU.ActiveCfg = Release|Any CPU
		{76BFC2A1-461B-5F61-A95A-8DBA90234D5B}.Release|Any CPU.Build.0 = Release|Any CPU
		{A50F1F08-F899-6CE1-36DE-70557455A9AE}.Debug|Any CPU.ActiveCfg = Debug|Any CPU
		{A50F1F08-F899-6CE1-36DE-70557455A9AE}.Debug|Any CPU.Build.0 = Debug|Any CPU
		{A50F1F08-F899-6CE1-36DE-70557455A9AE}.Release|Any CPU.ActiveCfg = Release|Any CPU
		{A50F1F08-F899-6CE1-36DE-70557455A9AE}.Release|Any CPU.Build.0 = Release|Any CPU
		{C0E6670C-1C05-77D5-81D5-567647429EC8}.Debug|Any CPU.ActiveCfg = Debug|Any CPU
		{C0E6670C-1C05-77D5-81D5-567647429EC8}.Debug|Any CPU.Build.0 = Debug|Any CPU
		{C0E6670C-1C05-77D5-81D5-567647429EC8}.Release|Any CPU.ActiveCfg = Release|Any CPU
		{C0E6670C-1C05-77D5-81D5-567647429EC8}.Release|Any CPU.Build.0 = Release|Any CPU
		{95089233-BCC6-43F8-3775-09293ADB9C73}.Debug|Any CPU.ActiveCfg = Debug|Any CPU
		{95089233-BCC6-43F8-3775-09293ADB9C73}.Debug|Any CPU.Build.0 = Debug|Any CPU
		{95089233-BCC6-43F8-3775-09293ADB9C73}.Release|Any CPU.ActiveCfg = Release|Any CPU
		{95089233-BCC6-43F8-3775-09293ADB9C73}.Release|Any CPU.Build.0 = Release|Any CPU
		{C30069F4-8CD3-963C-73DA-D099E76489A6}.Debug|Any CPU.ActiveCfg = Debug|Any CPU
		{C30069F4-8CD3-963C-73DA-D099E76489A6}.Debug|Any CPU.Build.0 = Debug|Any CPU
		{C30069F4-8CD3-963C-73DA-D099E76489A6}.Release|Any CPU.ActiveCfg = Release|Any CPU
		{C30069F4-8CD3-963C-73DA-D099E76489A6}.Release|Any CPU.Build.0 = Release|Any CPU
		{DE6A167B-FAD6-E0C9-BFDE-D936BBCCF838}.Debug|Any CPU.ActiveCfg = Debug|Any CPU
		{DE6A167B-FAD6-E0C9-BFDE-D936BBCCF838}.Debug|Any CPU.Build.0 = Debug|Any CPU
		{DE6A167B-FAD6-E0C9-BFDE-D936BBCCF838}.Release|Any CPU.ActiveCfg = Release|Any CPU
		{DE6A167B-FAD6-E0C9-BFDE-D936BBCCF838}.Release|Any CPU.Build.0 = Release|Any CPU
		{1EC5FFCF-234E-0118-3800-01E4314F60E3}.Debug|Any CPU.ActiveCfg = Debug|Any CPU
		{1EC5FFCF-234E-0118-3800-01E4314F60E3}.Debug|Any CPU.Build.0 = Debug|Any CPU
		{1EC5FFCF-234E-0118-3800-01E4314F60E3}.Release|Any CPU.ActiveCfg = Release|Any CPU
		{1EC5FFCF-234E-0118-3800-01E4314F60E3}.Release|Any CPU.Build.0 = Release|Any CPU
		{377043FF-728E-0283-E7F3-A671566AFA15}.Debug|Any CPU.ActiveCfg = Debug|Any CPU
		{377043FF-728E-0283-E7F3-A671566AFA15}.Debug|Any CPU.Build.0 = Debug|Any CPU
		{377043FF-728E-0283-E7F3-A671566AFA15}.Release|Any CPU.ActiveCfg = Release|Any CPU
		{377043FF-728E-0283-E7F3-A671566AFA15}.Release|Any CPU.Build.0 = Release|Any CPU
		{9B7A02B4-71B8-E177-B43F-585D3B8E702A}.Debug|Any CPU.ActiveCfg = Debug|Any CPU
		{9B7A02B4-71B8-E177-B43F-585D3B8E702A}.Debug|Any CPU.Build.0 = Debug|Any CPU
		{9B7A02B4-71B8-E177-B43F-585D3B8E702A}.Release|Any CPU.ActiveCfg = Release|Any CPU
		{9B7A02B4-71B8-E177-B43F-585D3B8E702A}.Release|Any CPU.Build.0 = Release|Any CPU
		{EA84061B-5388-B5C0-8E2A-F24C54BBC10F}.Debug|Any CPU.ActiveCfg = Debug|Any CPU
		{EA84061B-5388-B5C0-8E2A-F24C54BBC10F}.Debug|Any CPU.Build.0 = Debug|Any CPU
		{EA84061B-5388-B5C0-8E2A-F24C54BBC10F}.Release|Any CPU.ActiveCfg = Release|Any CPU
		{EA84061B-5388-B5C0-8E2A-F24C54BBC10F}.Release|Any CPU.Build.0 = Release|Any CPU
		{5E722ED0-CE85-8A99-156B-29C92B9D02A0}.Debug|Any CPU.ActiveCfg = Debug|Any CPU
		{5E722ED0-CE85-8A99-156B-29C92B9D02A0}.Debug|Any CPU.Build.0 = Debug|Any CPU
		{5E722ED0-CE85-8A99-156B-29C92B9D02A0}.Release|Any CPU.ActiveCfg = Release|Any CPU
		{5E722ED0-CE85-8A99-156B-29C92B9D02A0}.Release|Any CPU.Build.0 = Release|Any CPU
		{EC6D5C0D-EFBF-6D2B-E1D7-81B070D6E29D}.Debug|Any CPU.ActiveCfg = Debug|Any CPU
		{EC6D5C0D-EFBF-6D2B-E1D7-81B070D6E29D}.Debug|Any CPU.Build.0 = Debug|Any CPU
		{EC6D5C0D-EFBF-6D2B-E1D7-81B070D6E29D}.Release|Any CPU.ActiveCfg = Release|Any CPU
		{EC6D5C0D-EFBF-6D2B-E1D7-81B070D6E29D}.Release|Any CPU.Build.0 = Release|Any CPU
		{FD1D9A87-D29A-06E6-FDBC-510B1215BB4F}.Debug|Any CPU.ActiveCfg = Debug|Any CPU
		{FD1D9A87-D29A-06E6-FDBC-510B1215BB4F}.Debug|Any CPU.Build.0 = Debug|Any CPU
		{FD1D9A87-D29A-06E6-FDBC-510B1215BB4F}.Release|Any CPU.ActiveCfg = Release|Any CPU
		{FD1D9A87-D29A-06E6-FDBC-510B1215BB4F}.Release|Any CPU.Build.0 = Release|Any CPU
		{F03BFBD1-F912-8BC8-2593-CF0B0C9B71EC}.Debug|Any CPU.ActiveCfg = Debug|Any CPU
		{F03BFBD1-F912-8BC8-2593-CF0B0C9B71EC}.Debug|Any CPU.Build.0 = Debug|Any CPU
		{F03BFBD1-F912-8BC8-2593-CF0B0C9B71EC}.Release|Any CPU.ActiveCfg = Release|Any CPU
		{F03BFBD1-F912-8BC8-2593-CF0B0C9B71EC}.Release|Any CPU.Build.0 = Release|Any CPU
		{F88D534C-7336-1CE0-75B5-C69008621B78}.Debug|Any CPU.ActiveCfg = Debug|Any CPU
		{F88D534C-7336-1CE0-75B5-C69008621B78}.Debug|Any CPU.Build.0 = Debug|Any CPU
		{F88D534C-7336-1CE0-75B5-C69008621B78}.Release|Any CPU.ActiveCfg = Release|Any CPU
		{F88D534C-7336-1CE0-75B5-C69008621B78}.Release|Any CPU.Build.0 = Release|Any CPU
		{DEA8C55C-B4CE-6FF7-41C6-4AE6B38C80F4}.Debug|Any CPU.ActiveCfg = Debug|Any CPU
		{DEA8C55C-B4CE-6FF7-41C6-4AE6B38C80F4}.Debug|Any CPU.Build.0 = Debug|Any CPU
		{DEA8C55C-B4CE-6FF7-41C6-4AE6B38C80F4}.Release|Any CPU.ActiveCfg = Release|Any CPU
		{DEA8C55C-B4CE-6FF7-41C6-4AE6B38C80F4}.Release|Any CPU.Build.0 = Release|Any CPU
		{29C7A065-35C8-5807-37FF-3611A57C23CB}.Debug|Any CPU.ActiveCfg = Debug|Any CPU
		{29C7A065-35C8-5807-37FF-3611A57C23CB}.Debug|Any CPU.Build.0 = Debug|Any CPU
		{29C7A065-35C8-5807-37FF-3611A57C23CB}.Release|Any CPU.ActiveCfg = Release|Any CPU
		{29C7A065-35C8-5807-37FF-3611A57C23CB}.Release|Any CPU.Build.0 = Release|Any CPU
		{75C8EC26-40CF-A7E4-54DF-21BE09BCC73D}.Debug|Any CPU.ActiveCfg = Debug|Any CPU
		{75C8EC26-40CF-A7E4-54DF-21BE09BCC73D}.Debug|Any CPU.Build.0 = Debug|Any CPU
		{75C8EC26-40CF-A7E4-54DF-21BE09BCC73D}.Release|Any CPU.ActiveCfg = Release|Any CPU
		{75C8EC26-40CF-A7E4-54DF-21BE09BCC73D}.Release|Any CPU.Build.0 = Release|Any CPU
		{AA299908-D39D-76AC-974B-D5F7911919A1}.Debug|Any CPU.ActiveCfg = Debug|Any CPU
		{AA299908-D39D-76AC-974B-D5F7911919A1}.Debug|Any CPU.Build.0 = Debug|Any CPU
		{AA299908-D39D-76AC-974B-D5F7911919A1}.Release|Any CPU.ActiveCfg = Release|Any CPU
		{AA299908-D39D-76AC-974B-D5F7911919A1}.Release|Any CPU.Build.0 = Release|Any CPU
		{F3C53B84-09A2-98C3-6383-C306AB4DCA83}.Debug|Any CPU.ActiveCfg = Debug|Any CPU
		{F3C53B84-09A2-98C3-6383-C306AB4DCA83}.Debug|Any CPU.Build.0 = Debug|Any CPU
		{F3C53B84-09A2-98C3-6383-C306AB4DCA83}.Release|Any CPU.ActiveCfg = Release|Any CPU
		{F3C53B84-09A2-98C3-6383-C306AB4DCA83}.Release|Any CPU.Build.0 = Release|Any CPU
		{27B5B629-9E13-8301-7D59-879F8B4CB9DD}.Debug|Any CPU.ActiveCfg = Debug|Any CPU
		{27B5B629-9E13-8301-7D59-879F8B4CB9DD}.Debug|Any CPU.Build.0 = Debug|Any CPU
		{27B5B629-9E13-8301-7D59-879F8B4CB9DD}.Release|Any CPU.ActiveCfg = Release|Any CPU
		{27B5B629-9E13-8301-7D59-879F8B4CB9DD}.Release|Any CPU.Build.0 = Release|Any CPU
		{A78A310C-9760-403B-D192-B65E23778F7A}.Debug|Any CPU.ActiveCfg = Debug|Any CPU
		{A78A310C-9760-403B-D192-B65E23778F7A}.Debug|Any CPU.Build.0 = Debug|Any CPU
		{A78A310C-9760-403B-D192-B65E23778F7A}.Release|Any CPU.ActiveCfg = Release|Any CPU
		{A78A310C-9760-403B-D192-B65E23778F7A}.Release|Any CPU.Build.0 = Release|Any CPU
		{13CF9F9A-A6BE-E130-828F-CB9EE0F5664A}.Debug|Any CPU.ActiveCfg = Debug|Any CPU
		{13CF9F9A-A6BE-E130-828F-CB9EE0F5664A}.Debug|Any CPU.Build.0 = Debug|Any CPU
		{13CF9F9A-A6BE-E130-828F-CB9EE0F5664A}.Release|Any CPU.ActiveCfg = Release|Any CPU
		{13CF9F9A-A6BE-E130-828F-CB9EE0F5664A}.Release|Any CPU.Build.0 = Release|Any CPU
		{A326B328-389C-6453-A5D0-9B1044936755}.Debug|Any CPU.ActiveCfg = Debug|Any CPU
		{A326B328-389C-6453-A5D0-9B1044936755}.Debug|Any CPU.Build.0 = Debug|Any CPU
		{A326B328-389C-6453-A5D0-9B1044936755}.Release|Any CPU.ActiveCfg = Release|Any CPU
		{A326B328-389C-6453-A5D0-9B1044936755}.Release|Any CPU.Build.0 = Release|Any CPU
		{81C89DA9-6F70-D072-233D-990CF88A22BA}.Debug|Any CPU.ActiveCfg = Debug|Any CPU
		{81C89DA9-6F70-D072-233D-990CF88A22BA}.Debug|Any CPU.Build.0 = Debug|Any CPU
		{81C89DA9-6F70-D072-233D-990CF88A22BA}.Release|Any CPU.ActiveCfg = Release|Any CPU
		{81C89DA9-6F70-D072-233D-990CF88A22BA}.Release|Any CPU.Build.0 = Release|Any CPU
		{39576910-EE13-7C4D-E224-42AA92D6A025}.Debug|Any CPU.ActiveCfg = Debug|Any CPU
		{39576910-EE13-7C4D-E224-42AA92D6A025}.Debug|Any CPU.Build.0 = Debug|Any CPU
		{39576910-EE13-7C4D-E224-42AA92D6A025}.Release|Any CPU.ActiveCfg = Release|Any CPU
		{39576910-EE13-7C4D-E224-42AA92D6A025}.Release|Any CPU.Build.0 = Release|Any CPU
		{7A369B3D-F420-4488-3855-5DBC4615C54A}.Debug|Any CPU.ActiveCfg = Debug|Any CPU
		{7A369B3D-F420-4488-3855-5DBC4615C54A}.Debug|Any CPU.Build.0 = Debug|Any CPU
		{7A369B3D-F420-4488-3855-5DBC4615C54A}.Release|Any CPU.ActiveCfg = Release|Any CPU
		{7A369B3D-F420-4488-3855-5DBC4615C54A}.Release|Any CPU.Build.0 = Release|Any CPU
		{FAD36933-3337-71B4-5FF4-1C8E42840BFE}.Debug|Any CPU.ActiveCfg = Debug|Any CPU
		{FAD36933-3337-71B4-5FF4-1C8E42840BFE}.Debug|Any CPU.Build.0 = Debug|Any CPU
		{FAD36933-3337-71B4-5FF4-1C8E42840BFE}.Release|Any CPU.ActiveCfg = Release|Any CPU
		{FAD36933-3337-71B4-5FF4-1C8E42840BFE}.Release|Any CPU.Build.0 = Release|Any CPU
		{A0C83D23-5CB4-0867-7678-4025B57BE148}.Debug|Any CPU.ActiveCfg = Debug|Any CPU
		{A0C83D23-5CB4-0867-7678-4025B57BE148}.Debug|Any CPU.Build.0 = Debug|Any CPU
		{A0C83D23-5CB4-0867-7678-4025B57BE148}.Release|Any CPU.ActiveCfg = Release|Any CPU
		{A0C83D23-5CB4-0867-7678-4025B57BE148}.Release|Any CPU.Build.0 = Release|Any CPU
		{36A7E7C4-64CB-A570-558B-BE468F08E0F8}.Debug|Any CPU.ActiveCfg = Debug|Any CPU
		{36A7E7C4-64CB-A570-558B-BE468F08E0F8}.Debug|Any CPU.Build.0 = Debug|Any CPU
		{36A7E7C4-64CB-A570-558B-BE468F08E0F8}.Release|Any CPU.ActiveCfg = Release|Any CPU
		{36A7E7C4-64CB-A570-558B-BE468F08E0F8}.Release|Any CPU.Build.0 = Release|Any CPU
		{5E421B8D-A049-F23B-DAD2-D6ADBAB12EC7}.Debug|Any CPU.ActiveCfg = Debug|Any CPU
		{5E421B8D-A049-F23B-DAD2-D6ADBAB12EC7}.Debug|Any CPU.Build.0 = Debug|Any CPU
		{5E421B8D-A049-F23B-DAD2-D6ADBAB12EC7}.Release|Any CPU.ActiveCfg = Release|Any CPU
		{5E421B8D-A049-F23B-DAD2-D6ADBAB12EC7}.Release|Any CPU.Build.0 = Release|Any CPU
		{A6565B59-E2AF-B688-88E6-FF48045F6C3A}.Debug|Any CPU.ActiveCfg = Debug|Any CPU
		{A6565B59-E2AF-B688-88E6-FF48045F6C3A}.Debug|Any CPU.Build.0 = Debug|Any CPU
		{A6565B59-E2AF-B688-88E6-FF48045F6C3A}.Release|Any CPU.ActiveCfg = Release|Any CPU
		{A6565B59-E2AF-B688-88E6-FF48045F6C3A}.Release|Any CPU.Build.0 = Release|Any CPU
		{A46B1DD0-82FE-348E-53EE-F4B54E915CB4}.Debug|Any CPU.ActiveCfg = Debug|Any CPU
		{A46B1DD0-82FE-348E-53EE-F4B54E915CB4}.Debug|Any CPU.Build.0 = Debug|Any CPU
		{A46B1DD0-82FE-348E-53EE-F4B54E915CB4}.Release|Any CPU.ActiveCfg = Release|Any CPU
		{A46B1DD0-82FE-348E-53EE-F4B54E915CB4}.Release|Any CPU.Build.0 = Release|Any CPU
		{9588A46D-013A-02AB-0281-5C606FC89006}.Debug|Any CPU.ActiveCfg = Debug|Any CPU
		{9588A46D-013A-02AB-0281-5C606FC89006}.Debug|Any CPU.Build.0 = Debug|Any CPU
		{9588A46D-013A-02AB-0281-5C606FC89006}.Release|Any CPU.ActiveCfg = Release|Any CPU
		{9588A46D-013A-02AB-0281-5C606FC89006}.Release|Any CPU.Build.0 = Release|Any CPU
		{01A55BA2-1CAC-30A5-25F2-E7580F102989}.Debug|Any CPU.ActiveCfg = Debug|Any CPU
		{01A55BA2-1CAC-30A5-25F2-E7580F102989}.Debug|Any CPU.Build.0 = Debug|Any CPU
		{01A55BA2-1CAC-30A5-25F2-E7580F102989}.Release|Any CPU.ActiveCfg = Release|Any CPU
		{01A55BA2-1CAC-30A5-25F2-E7580F102989}.Release|Any CPU.Build.0 = Release|Any CPU
		{CB7380C2-E9B8-EC17-60FB-A01783928668}.Debug|Any CPU.ActiveCfg = Debug|Any CPU
		{CB7380C2-E9B8-EC17-60FB-A01783928668}.Debug|Any CPU.Build.0 = Debug|Any CPU
		{CB7380C2-E9B8-EC17-60FB-A01783928668}.Release|Any CPU.ActiveCfg = Release|Any CPU
		{CB7380C2-E9B8-EC17-60FB-A01783928668}.Release|Any CPU.Build.0 = Release|Any CPU
		{03735D9F-FB3E-C259-FAF6-AFF5BF349BC6}.Debug|Any CPU.ActiveCfg = Debug|Any CPU
		{03735D9F-FB3E-C259-FAF6-AFF5BF349BC6}.Debug|Any CPU.Build.0 = Debug|Any CPU
		{03735D9F-FB3E-C259-FAF6-AFF5BF349BC6}.Release|Any CPU.ActiveCfg = Release|Any CPU
		{03735D9F-FB3E-C259-FAF6-AFF5BF349BC6}.Release|Any CPU.Build.0 = Release|Any CPU
		{E0F3FD7D-BEA1-0595-FECD-8D1A26B93B45}.Debug|Any CPU.ActiveCfg = Debug|Any CPU
		{E0F3FD7D-BEA1-0595-FECD-8D1A26B93B45}.Debug|Any CPU.Build.0 = Debug|Any CPU
		{E0F3FD7D-BEA1-0595-FECD-8D1A26B93B45}.Release|Any CPU.ActiveCfg = Release|Any CPU
		{E0F3FD7D-BEA1-0595-FECD-8D1A26B93B45}.Release|Any CPU.Build.0 = Release|Any CPU
		{14547DB3-2427-772A-F27A-CEFAA5C7C31F}.Debug|Any CPU.ActiveCfg = Debug|Any CPU
		{14547DB3-2427-772A-F27A-CEFAA5C7C31F}.Debug|Any CPU.Build.0 = Debug|Any CPU
		{14547DB3-2427-772A-F27A-CEFAA5C7C31F}.Release|Any CPU.ActiveCfg = Release|Any CPU
		{14547DB3-2427-772A-F27A-CEFAA5C7C31F}.Release|Any CPU.Build.0 = Release|Any CPU
		{7899A834-9843-B7AA-8ED0-9E653F3C54A4}.Debug|Any CPU.ActiveCfg = Debug|Any CPU
		{7899A834-9843-B7AA-8ED0-9E653F3C54A4}.Debug|Any CPU.Build.0 = Debug|Any CPU
		{7899A834-9843-B7AA-8ED0-9E653F3C54A4}.Release|Any CPU.ActiveCfg = Release|Any CPU
		{7899A834-9843-B7AA-8ED0-9E653F3C54A4}.Release|Any CPU.Build.0 = Release|Any CPU
		{EF672ACF-2C62-E430-B475-99F089EA90AA}.Debug|Any CPU.ActiveCfg = Debug|Any CPU
		{EF672ACF-2C62-E430-B475-99F089EA90AA}.Debug|Any CPU.Build.0 = Debug|Any CPU
		{EF672ACF-2C62-E430-B475-99F089EA90AA}.Release|Any CPU.ActiveCfg = Release|Any CPU
		{EF672ACF-2C62-E430-B475-99F089EA90AA}.Release|Any CPU.Build.0 = Release|Any CPU
		{B4886763-5539-8C81-A31D-3A7B7BB669AD}.Debug|Any CPU.ActiveCfg = Debug|Any CPU
		{B4886763-5539-8C81-A31D-3A7B7BB669AD}.Debug|Any CPU.Build.0 = Debug|Any CPU
		{B4886763-5539-8C81-A31D-3A7B7BB669AD}.Release|Any CPU.ActiveCfg = Release|Any CPU
		{B4886763-5539-8C81-A31D-3A7B7BB669AD}.Release|Any CPU.Build.0 = Release|Any CPU
	EndGlobalSection
	GlobalSection(SolutionProperties) = preSolution
		HideSolutionNode = FALSE
	EndGlobalSection
EndGlobal
